
Microsoft Visual Studio Solution File, Format Version 12.00
# Visual Studio Version 17
VisualStudioVersion = 17.8.34330.188
MinimumVisualStudioVersion = 10.0.40219.1
Project("{FAE04EC0-301F-11D3-BF4B-00C04F79EFBC}") = "FullNameSort", "FullNameSort\FullNameSort.csproj", "{20189C5B-7C2F-4BDC-8B71-009102F0F2EC}"
EndProject
Project("{FAE04EC0-301F-11D3-BF4B-00C04F79EFBC}") = "FullNameSort.Test", "FullNameSort.Test\FullNameSort.Test.csproj", "{1C4C6713-6C3D-4953-A040-0474B1AEFBB2}"
EndProject
Global
	GlobalSection(SolutionConfigurationPlatforms) = preSolution
		Debug|Any CPU = Debug|Any CPU
		Release|Any CPU = Release|Any CPU
	EndGlobalSection
	GlobalSection(ProjectConfigurationPlatforms) = postSolution
		{20189C5B-7C2F-4BDC-8B71-009102F0F2EC}.Debug|Any CPU.ActiveCfg = Debug|Any CPU
		{20189C5B-7C2F-4BDC-8B71-009102F0F2EC}.Debug|Any CPU.Build.0 = Debug|Any CPU
		{20189C5B-7C2F-4BDC-8B71-009102F0F2EC}.Release|Any CPU.ActiveCfg = Release|Any CPU
		{20189C5B-7C2F-4BDC-8B71-009102F0F2EC}.Release|Any CPU.Build.0 = Release|Any CPU
		{1C4C6713-6C3D-4953-A040-0474B1AEFBB2}.Debug|Any CPU.ActiveCfg = Debug|Any CPU
		{1C4C6713-6C3D-4953-A040-0474B1AEFBB2}.Debug|Any CPU.Build.0 = Debug|Any CPU
		{1C4C6713-6C3D-4953-A040-0474B1AEFBB2}.Release|Any CPU.ActiveCfg = Release|Any CPU
		{1C4C6713-6C3D-4953-A040-0474B1AEFBB2}.Release|Any CPU.Build.0 = Release|Any CPU
	EndGlobalSection
	GlobalSection(SolutionProperties) = preSolution
		HideSolutionNode = FALSE
	EndGlobalSection
	GlobalSection(ExtensibilityGlobals) = postSolution
		SolutionGuid = {A132E0D8-7CB3-467A-B9D6-5CF3BCBC4273}
	EndGlobalSection
EndGlobal
